// !$*UTF8*$!
{
	archiveVersion = 1;
	classes = {
	};
	objectVersion = 50;
	objects = {

/* Begin PBXBuildFile section */
		11218B062205392900690AAF /* AppDelegate.m in Sources */ = {isa = PBXBuildFile; fileRef = 11218B052205392900690AAF /* AppDelegate.m */; };
		11218B092205392900690AAF /* ViewController.m in Sources */ = {isa = PBXBuildFile; fileRef = 11218B082205392900690AAF /* ViewController.m */; };
		11218B0C2205392900690AAF /* Main.storyboard in Resources */ = {isa = PBXBuildFile; fileRef = 11218B0A2205392900690AAF /* Main.storyboard */; };
		11218B0E2205392B00690AAF /* Assets.xcassets in Resources */ = {isa = PBXBuildFile; fileRef = 11218B0D2205392B00690AAF /* Assets.xcassets */; };
		11218B112205392B00690AAF /* LaunchScreen.storyboard in Resources */ = {isa = PBXBuildFile; fileRef = 11218B0F2205392B00690AAF /* LaunchScreen.storyboard */; };
		11218B142205392B00690AAF /* main.m in Sources */ = {isa = PBXBuildFile; fileRef = 11218B132205392B00690AAF /* main.m */; };
		11218B1C2205399100690AAF /* UIResponder+Router.m in Sources */ = {isa = PBXBuildFile; fileRef = 11218B1B2205399100690AAF /* UIResponder+Router.m */; };
		11218B1F22053F0200690AAF /* CustomView.m in Sources */ = {isa = PBXBuildFile; fileRef = 11218B1E22053F0200690AAF /* CustomView.m */; };
		11218B2122053F1600690AAF /* CustomView.xib in Resources */ = {isa = PBXBuildFile; fileRef = 11218B2022053F1600690AAF /* CustomView.xib */; };
/* End PBXBuildFile section */

/* Begin PBXFileReference section */
		11218B012205392900690AAF /* ResponderChainDemo.app */ = {isa = PBXFileReference; explicitFileType = wrapper.application; includeInIndex = 0; path = ResponderChainDemo.app; sourceTree = BUILT_PRODUCTS_DIR; };
		11218B042205392900690AAF /* AppDelegate.h */ = {isa = PBXFileReference; lastKnownFileType = sourcecode.c.h; path = AppDelegate.h; sourceTree = "<group>"; };
		11218B052205392900690AAF /* AppDelegate.m */ = {isa = PBXFileReference; lastKnownFileType = sourcecode.c.objc; path = AppDelegate.m; sourceTree = "<group>"; };
		11218B072205392900690AAF /* ViewController.h */ = {isa = PBXFileReference; lastKnownFileType = sourcecode.c.h; path = ViewController.h; sourceTree = "<group>"; };
		11218B082205392900690AAF /* ViewController.m */ = {isa = PBXFileReference; lastKnownFileType = sourcecode.c.objc; path = ViewController.m; sourceTree = "<group>"; };
		11218B0B2205392900690AAF /* Base */ = {isa = PBXFileReference; lastKnownFileType = file.storyboard; name = Base; path = Base.lproj/Main.storyboard; sourceTree = "<group>"; };
		11218B0D2205392B00690AAF /* Assets.xcassets */ = {isa = PBXFileReference; lastKnownFileType = folder.assetcatalog; path = Assets.xcassets; sourceTree = "<group>"; };
		11218B102205392B00690AAF /* Base */ = {isa = PBXFileReference; lastKnownFileType = file.storyboard; name = Base; path = Base.lproj/LaunchScreen.storyboard; sourceTree = "<group>"; };
		11218B122205392B00690AAF /* Info.plist */ = {isa = PBXFileReference; lastKnownFileType = text.plist.xml; path = Info.plist; sourceTree = "<group>"; };
		11218B132205392B00690AAF /* main.m */ = {isa = PBXFileReference; lastKnownFileType = sourcecode.c.objc; path = main.m; sourceTree = "<group>"; };
		11218B1A2205399100690AAF /* UIResponder+Router.h */ = {isa = PBXFileReference; lastKnownFileType = sourcecode.c.h; path = "UIResponder+Router.h"; sourceTree = "<group>"; };
		11218B1B2205399100690AAF /* UIResponder+Router.m */ = {isa = PBXFileReference; lastKnownFileType = sourcecode.c.objc; path = "UIResponder+Router.m"; sourceTree = "<group>"; };
		11218B1D22053F0200690AAF /* CustomView.h */ = {isa = PBXFileReference; lastKnownFileType = sourcecode.c.h; path = CustomView.h; sourceTree = "<group>"; };
		11218B1E22053F0200690AAF /* CustomView.m */ = {isa = PBXFileReference; lastKnownFileType = sourcecode.c.objc; path = CustomView.m; sourceTree = "<group>"; };
		11218B2022053F1600690AAF /* CustomView.xib */ = {isa = PBXFileReference; lastKnownFileType = file.xib; path = CustomView.xib; sourceTree = "<group>"; };
/* End PBXFileReference section */

/* Begin PBXFrameworksBuildPhase section */
		11218AFE2205392900690AAF /* Frameworks */ = {
			isa = PBXFrameworksBuildPhase;
			buildActionMask = 2147483647;
			files = (
			);
			runOnlyForDeploymentPostprocessing = 0;
		};
/* End PBXFrameworksBuildPhase section */

/* Begin PBXGroup section */
		11218AF82205392900690AAF = {
			isa = PBXGroup;
			children = (
				11218B032205392900690AAF /* ResponderChainDemo */,
				11218B022205392900690AAF /* Products */,
			);
			sourceTree = "<group>";
		};
		11218B022205392900690AAF /* Products */ = {
			isa = PBXGroup;
			children = (
				11218B012205392900690AAF /* ResponderChainDemo.app */,
			);
			name = Products;
			sourceTree = "<group>";
		};
		11218B032205392900690AAF /* ResponderChainDemo */ = {
			isa = PBXGroup;
			children = (
				11218B042205392900690AAF /* AppDelegate.h */,
				11218B052205392900690AAF /* AppDelegate.m */,
				11218B1A2205399100690AAF /* UIResponder+Router.h */,
				11218B1B2205399100690AAF /* UIResponder+Router.m */,
				11218B072205392900690AAF /* ViewController.h */,
				11218B082205392900690AAF /* ViewController.m */,
				11218B1D22053F0200690AAF /* CustomView.h */,
				11218B1E22053F0200690AAF /* CustomView.m */,
				11218B2022053F1600690AAF /* CustomView.xib */,
				11218B0A2205392900690AAF /* Main.storyboard */,
				11218B0D2205392B00690AAF /* Assets.xcassets */,
				11218B0F2205392B00690AAF /* LaunchScreen.storyboard */,
				11218B122205392B00690AAF /* Info.plist */,
				11218B132205392B00690AAF /* main.m */,
			);
			path = ResponderChainDemo;
			sourceTree = "<group>";
		};
/* End PBXGroup section */

/* Begin PBXNativeTarget section */
		11218B002205392900690AAF /* ResponderChainDemo */ = {
			isa = PBXNativeTarget;
			buildConfigurationList = 11218B172205392B00690AAF /* Build configuration list for PBXNativeTarget "ResponderChainDemo" */;
			buildPhases = (
				11218AFD2205392900690AAF /* Sources */,
				11218AFE2205392900690AAF /* Frameworks */,
				11218AFF2205392900690AAF /* Resources */,
			);
			buildRules = (
			);
			dependencies = (
			);
			name = ResponderChainDemo;
			productName = ResponderChainDemo;
			productReference = 11218B012205392900690AAF /* ResponderChainDemo.app */;
			productType = "com.apple.product-type.application";
		};
/* End PBXNativeTarget section */

/* Begin PBXProject section */
		11218AF92205392900690AAF /* Project object */ = {
			isa = PBXProject;
			attributes = {
				LastUpgradeCheck = 1010;
				ORGANIZATIONNAME = shangZhu;
				TargetAttributes = {
					11218B002205392900690AAF = {
						CreatedOnToolsVersion = 10.1;
					};
				};
			};
			buildConfigurationList = 11218AFC2205392900690AAF /* Build configuration list for PBXProject "ResponderChainDemo" */;
			compatibilityVersion = "Xcode 9.3";
			developmentRegion = en;
			hasScannedForEncodings = 0;
			knownRegions = (
				en,
				Base,
			);
			mainGroup = 11218AF82205392900690AAF;
			productRefGroup = 11218B022205392900690AAF /* Products */;
			projectDirPath = "";
			projectRoot = "";
			targets = (
				11218B002205392900690AAF /* ResponderChainDemo */,
			);
		};
/* End PBXProject section */

/* Begin PBXResourcesBuildPhase section */
		11218AFF2205392900690AAF /* Resources */ = {
			isa = PBXResourcesBuildPhase;
			buildActionMask = 2147483647;
			files = (
				11218B112205392B00690AAF /* LaunchScreen.storyboard in Resources */,
				11218B2122053F1600690AAF /* CustomView.xib in Resources */,
				11218B0E2205392B00690AAF /* Assets.xcassets in Resources */,
				11218B0C2205392900690AAF /* Main.storyboard in Resources */,
			);
			runOnlyForDeploymentPostprocessing = 0;
		};
/* End PBXResourcesBuildPhase section */

/* Begin PBXSourcesBuildPhase section */
		11218AFD2205392900690AAF /* Sources */ = {
			isa = PBXSourcesBuildPhase;
			buildActionMask = 2147483647;
			files = (
				11218B1F22053F0200690AAF /* CustomView.m in Sources */,
				11218B092205392900690AAF /* ViewController.m in Sources */,
				11218B142205392B00690AAF /* main.m in Sources */,
				11218B062205392900690AAF /* AppDelegate.m in Sources */,
				11218B1C2205399100690AAF /* UIResponder+Router.m in Sources */,
			);
			runOnlyForDeploymentPostprocessing = 0;
		};
/* End PBXSourcesBuildPhase section */

/* Begin PBXVariantGroup section */
		11218B0A2205392900690AAF /* Main.storyboard */ = {
			isa = PBXVariantGroup;
			children = (
				11218B0B2205392900690AAF /* Base */,
			);
			name = Main.storyboard;
			sourceTree = "<group>";
		};
		11218B0F2205392B00690AAF /* LaunchScreen.storyboard */ = {
			isa = PBXVariantGroup;
			children = (
				11218B102205392B00690AAF /* Base */,
			);
			name = LaunchScreen.storyboard;
			sourceTree = "<group>";
		};
/* End PBXVariantGroup section */

/* Begin XCBuildConfiguration section */
		11218B152205392B00690AAF /* Debug */ = {
			isa = XCBuildConfiguration;
			buildSettings = {
				ALWAYS_SEARCH_USER_PATHS = NO;
				CLANG_ANALYZER_NONNULL = YES;
				CLANG_ANALYZER_NUMBER_OBJECT_CONVERSION = YES_AGGRESSIVE;
				CLANG_CXX_LANGUAGE_STANDARD = "gnu++14";
				CLANG_CXX_LIBRARY = "libc++";
				CLANG_ENABLE_MODULES = YES;
				CLANG_ENABLE_OBJC_ARC = YES;
				CLANG_ENABLE_OBJC_WEAK = YES;
				CLANG_WARN_BLOCK_CAPTURE_AUTORELEASING = YES;
				CLANG_WARN_BOOL_CONVERSION = YES;
				CLANG_WARN_COMMA = YES;
				CLANG_WARN_CONSTANT_CONVERSION = YES;
				CLANG_WARN_DEPRECATED_OBJC_IMPLEMENTATIONS = YES;
				CLANG_WARN_DIRECT_OBJC_ISA_USAGE = YES_ERROR;
				CLANG_WARN_DOCUMENTATION_COMMENTS = YES;
				CLANG_WARN_EMPTY_BODY = YES;
				CLANG_WARN_ENUM_CONVERSION = YES;
				CLANG_WARN_INFINITE_RECURSION = YES;
				CLANG_WARN_INT_CONVERSION = YES;
				CLANG_WARN_NON_LITERAL_NULL_CONVERSION = YES;
				CLANG_WARN_OBJC_IMPLICIT_RETAIN_SELF = YES;
				CLANG_WARN_OBJC_LITERAL_CONVERSION = YES;
				CLANG_WARN_OBJC_ROOT_CLASS = YES_ERROR;
				CLANG_WARN_RANGE_LOOP_ANALYSIS = YES;
				CLANG_WARN_STRICT_PROTOTYPES = YES;
				CLANG_WARN_SUSPICIOUS_MOVE = YES;
				CLANG_WARN_UNGUARDED_AVAILABILITY = YES_AGGRESSIVE;
				CLANG_WARN_UNREACHABLE_CODE = YES;
				CLANG_WARN__DUPLICATE_METHOD_MATCH = YES;
				CODE_SIGN_IDENTITY = "iPhone Developer";
				COPY_PHASE_STRIP = NO;
				DEBUG_INFORMATION_FORMAT = dwarf;
				ENABLE_STRICT_OBJC_MSGSEND = YES;
				ENABLE_TESTABILITY = YES;
				GCC_C_LANGUAGE_STANDARD = gnu11;
				GCC_DYNAMIC_NO_PIC = NO;
				GCC_NO_COMMON_BLOCKS = YES;
				GCC_OPTIMIZATION_LEVEL = 0;
				GCC_PREPROCESSOR_DEFINITIONS = (
					"DEBUG=1",
					"$(inherited)",
				);
				GCC_WARN_64_TO_32_BIT_CONVERSION = YES;
				GCC_WARN_ABOUT_RETURN_TYPE = YES_ERROR;
				GCC_WARN_UNDECLARED_SELECTOR = YES;
				GCC_WARN_UNINITIALIZED_AUTOS = YES_AGGRESSIVE;
				GCC_WARN_UNUSED_FUNCTION = YES;
				GCC_WARN_UNUSED_VARIABLE = YES;
				IPHONEOS_DEPLOYMENT_TARGET = 12.1;
				MTL_ENABLE_DEBUG_INFO = INCLUDE_SOURCE;
				MTL_FAST_MATH = YES;
				ONLY_ACTIVE_ARCH = YES;
				SDKROOT = iphoneos;
			};
			name = Debug;
		};
		11218B162205392B00690AAF /* Release */ = {
			isa = XCBuildConfiguration;
			buildSettings = {
				ALWAYS_SEARCH_USER_PATHS = NO;
				CLANG_ANALYZER_NONNULL = YES;
				CLANG_ANALYZER_NUMBER_OBJECT_CONVERSION = YES_AGGRESSIVE;
				CLANG_CXX_LANGUAGE_STANDARD = "gnu++14";
				CLANG_CXX_LIBRARY = "libc++";
				CLANG_ENABLE_MODULES = YES;
				CLANG_ENABLE_OBJC_ARC = YES;
				CLANG_ENABLE_OBJC_WEAK = YES;
				CLANG_WARN_BLOCK_CAPTURE_AUTORELEASING = YES;
				CLANG_WARN_BOOL_CONVERSION = YES;
				CLANG_WARN_COMMA = YES;
				CLANG_WARN_CONSTANT_CONVERSION = YES;
				CLANG_WARN_DEPRECATED_OBJC_IMPLEMENTATIONS = YES;
				CLANG_WARN_DIRECT_OBJC_ISA_USAGE = YES_ERROR;
				CLANG_WARN_DOCUMENTATION_COMMENTS = YES;
				CLANG_WARN_EMPTY_BODY = YES;
				CLANG_WARN_ENUM_CONVERSION = YES;
				CLANG_WARN_INFINITE_RECURSION = YES;
				CLANG_WARN_INT_CONVERSION = YES;
				CLANG_WARN_NON_LITERAL_NULL_CONVERSION = YES;
				CLANG_WARN_OBJC_IMPLICIT_RETAIN_SELF = YES;
				CLANG_WARN_OBJC_LITERAL_CONVERSION = YES;
				CLANG_WARN_OBJC_ROOT_CLASS = YES_ERROR;
				CLANG_WARN_RANGE_LOOP_ANALYSIS = YES;
				CLANG_WARN_STRICT_PROTOTYPES = YES;
				CLANG_WARN_SUSPICIOUS_MOVE = YES;
				CLANG_WARN_UNGUARDED_AVAILABILITY = YES_AGGRESSIVE;
				CLANG_WARN_UNREACHABLE_CODE = YES;
				CLANG_WARN__DUPLICATE_METHOD_MATCH = YES;
				CODE_SIGN_IDENTITY = "iPhone Developer";
				COPY_PHASE_STRIP = NO;
				DEBUG_INFORMATION_FORMAT = "dwarf-with-dsym";
				ENABLE_NS_ASSERTIONS = NO;
				ENABLE_STRICT_OBJC_MSGSEND = YES;
				GCC_C_LANGUAGE_STANDARD = gnu11;
				GCC_NO_COMMON_BLOCKS = YES;
				GCC_WARN_64_TO_32_BIT_CONVERSION = YES;
				GCC_WARN_ABOUT_RETURN_TYPE = YES_ERROR;
				GCC_WARN_UNDECLARED_SELECTOR = YES;
				GCC_WARN_UNINITIALIZED_AUTOS = YES_AGGRESSIVE;
				GCC_WARN_UNUSED_FUNCTION = YES;
				GCC_WARN_UNUSED_VARIABLE = YES;
				IPHONEOS_DEPLOYMENT_TARGET = 12.1;
				MTL_ENABLE_DEBUG_INFO = NO;
				MTL_FAST_MATH = YES;
				SDKROOT = iphoneos;
				VALIDATE_PRODUCT = YES;
			};
			name = Release;
		};
		11218B182205392B00690AAF /* Debug */ = {
			isa = XCBuildConfiguration;
			buildSettings = {
				ASSETCATALOG_COMPILER_APPICON_NAME = AppIcon;
				CODE_SIGN_STYLE = Automatic;
				DEVELOPMENT_TEAM = 45S7UXYXC7;
				INFOPLIST_FILE = ResponderChainDemo/Info.plist;
				LD_RUNPATH_SEARCH_PATHS = (
					"$(inherited)",
					"@executable_path/Frameworks",
				);
				PRODUCT_BUNDLE_IDENTIFIER = com.shangzhu.ResponderChainDemo;
				PRODUCT_NAME = "$(TARGET_NAME)";
				TARGETED_DEVICE_FAMILY = "1,2";
			};
			name = Debug;
		};
		11218B192205392B00690AAF /* Release */ = {
			isa = XCBuildConfiguration;
			buildSettings = {
				ASSETCATALOG_COMPILER_APPICON_NAME = AppIcon;
				CODE_SIGN_STYLE = Automatic;
				DEVELOPMENT_TEAM = 45S7UXYXC7;
				INFOPLIST_FILE = ResponderChainDemo/Info.plist;
				LD_RUNPATH_SEARCH_PATHS = (
					"$(inherited)",
					"@executable_path/Frameworks",
				);
				PRODUCT_BUNDLE_IDENTIFIER = com.shangzhu.ResponderChainDemo;
				PRODUCT_NAME = "$(TARGET_NAME)";
				TARGETED_DEVICE_FAMILY = "1,2";
			};
			name = Release;
		};
/* End XCBuildConfiguration section */

/* Begin XCConfigurationList section */
		11218AFC2205392900690AAF /* Build configuration list for PBXProject "ResponderChainDemo" */ = {
			isa = XCConfigurationList;
			buildConfigurations = (
				11218B152205392B00690AAF /* Debug */,
				11218B162205392B00690AAF /* Release */,
			);
			defaultConfigurationIsVisible = 0;
			defaultConfigurationName = Release;
		};
		11218B172205392B00690AAF /* Build configuration list for PBXNativeTarget "ResponderChainDemo" */ = {
			isa = XCConfigurationList;
			buildConfigurations = (
				11218B182205392B00690AAF /* Debug */,
				11218B192205392B00690AAF /* Release */,
			);
			defaultConfigurationIsVisible = 0;
			defaultConfigurationName = Release;
		};
/* End XCConfigurationList section */
	};
	rootObject = 11218AF92205392900690AAF /* Project object */;
}
